
Microsoft Visual Studio Solution File, Format Version 12.00
# Visual Studio Version 16
VisualStudioVersion = 16.0.30907.101
MinimumVisualStudioVersion = 10.0.40219.1
Project("{9A19103F-16F7-4668-BE54-9A1E7A4F7556}") = "RestWithASPNETMesaRadionica", "RestWithASPNET5\RestWithASPNETMesaRadionica.csproj", "{760A429B-898B-4C1D-97A6-C2C5161A4714}"
EndProject
Project("{E53339B2-1760-4266-BCC7-CA923CBCF16C}") = "docker-compose", "docker-compose.dcproj", "{678FBF7E-35FF-47AD-B62E-75FE61CDB2CE}"
EndProject
Project("{FAE04EC0-301F-11D3-BF4B-00C04F79EFBC}") = "Auth", "..\Auth\Auth.csproj", "{7444C4CF-6C52-431F-BF5D-76996DDF77B7}"
EndProject
Global
	GlobalSection(SolutionConfigurationPlatforms) = preSolution
		Debug|Any CPU = Debug|Any CPU
		Release|Any CPU = Release|Any CPU
	EndGlobalSection
	GlobalSection(ProjectConfigurationPlatforms) = postSolution
		{760A429B-898B-4C1D-97A6-C2C5161A4714}.Debug|Any CPU.ActiveCfg = Debug|Any CPU
		{760A429B-898B-4C1D-97A6-C2C5161A4714}.Debug|Any CPU.Build.0 = Debug|Any CPU
		{760A429B-898B-4C1D-97A6-C2C5161A4714}.Release|Any CPU.ActiveCfg = Release|Any CPU
		{760A429B-898B-4C1D-97A6-C2C5161A4714}.Release|Any CPU.Build.0 = Release|Any CPU
		{678FBF7E-35FF-47AD-B62E-75FE61CDB2CE}.Debug|Any CPU.ActiveCfg = Debug|Any CPU
		{678FBF7E-35FF-47AD-B62E-75FE61CDB2CE}.Debug|Any CPU.Build.0 = Debug|Any CPU
		{678FBF7E-35FF-47AD-B62E-75FE61CDB2CE}.Release|Any CPU.ActiveCfg = Release|Any CPU
		{678FBF7E-35FF-47AD-B62E-75FE61CDB2CE}.Release|Any CPU.Build.0 = Release|Any CPU
		{7444C4CF-6C52-431F-BF5D-76996DDF77B7}.Debug|Any CPU.ActiveCfg = Debug|Any CPU
		{7444C4CF-6C52-431F-BF5D-76996DDF77B7}.Debug|Any CPU.Build.0 = Debug|Any CPU
		{7444C4CF-6C52-431F-BF5D-76996DDF77B7}.Release|Any CPU.ActiveCfg = Release|Any CPU
		{7444C4CF-6C52-431F-BF5D-76996DDF77B7}.Release|Any CPU.Build.0 = Release|Any CPU
	EndGlobalSection
	GlobalSection(SolutionProperties) = preSolution
		HideSolutionNode = FALSE
	EndGlobalSection
	GlobalSection(ExtensibilityGlobals) = postSolution
		SolutionGuid = {571C424C-E15B-402A-B934-F44B51B4960F}
	EndGlobalSection
EndGlobal
